
Microsoft Visual Studio Solution File, Format Version 12.00
# Visual Studio Version 17
VisualStudioVersion = 17.14.36616.10 d17.14
MinimumVisualStudioVersion = 10.0.40219.1
Project("{FAE04EC0-301F-11D3-BF4B-00C04F79EFBC}") = "oop-workshop", "oop-workshop\oop-workshop.csproj", "{96EC9136-C3FB-488A-B708-E9C4A0D8F5E9}"
EndProject
Global
	GlobalSection(SolutionConfigurationPlatforms) = preSolution
		Debug|Any CPU = Debug|Any CPU
		Release|Any CPU = Release|Any CPU
	EndGlobalSection
	GlobalSection(ProjectConfigurationPlatforms) = postSolution
		{96EC9136-C3FB-488A-B708-E9C4A0D8F5E9}.Debug|Any CPU.ActiveCfg = Debug|Any CPU
		{96EC9136-C3FB-488A-B708-E9C4A0D8F5E9}.Debug|Any CPU.Build.0 = Debug|Any CPU
		{96EC9136-C3FB-488A-B708-E9C4A0D8F5E9}.Release|Any CPU.ActiveCfg = Release|Any CPU
		{96EC9136-C3FB-488A-B708-E9C4A0D8F5E9}.Release|Any CPU.Build.0 = Release|Any CPU
	EndGlobalSection
	GlobalSection(SolutionProperties) = preSolution
		HideSolutionNode = FALSE
	EndGlobalSection
	GlobalSection(ExtensibilityGlobals) = postSolution
		SolutionGuid = {5D2CCF94-3820-47E6-9FDC-F81C4D6C8ACF}
	EndGlobalSection
EndGlobal
